
Microsoft Visual Studio Solution File, Format Version 12.00
# Visual Studio 14
VisualStudioVersion = 14.0.25123.0
MinimumVisualStudioVersion = 10.0.40219.1
Project("{FAE04EC0-301F-11D3-BF4B-00C04F79EFBC}") = "BAMS", "BAMS\BAMS.csproj", "{E2443741-2F84-4DE8-935B-21B6F313CD8D}"
EndProject
Project("{2150E333-8FDC-42A3-9474-1A3956D46DE8}") = "Solution Items", "Solution Items", "{7196008C-9665-4F19-BD4D-2BB049768CD0}"
EndProject
Project("{8BC9CEB8-8B4A-11D0-8D11-00A0C91BC942}") = "ella_BAMS", "..\..\..\Arduino\ella_BAMS\ella_BAMS.vcxproj", "{F7A88825-1A9D-407F-B793-AC3FE78A94F1}"
EndProject
Project("{8BC9CEB8-8B4A-11D0-8D11-00A0C91BC942}") = "smartCarparkReceiver", "..\..\..\Arduino\smartCarparkReceiver\smartCarparkReceiver.vcxproj", "{789B123D-76C3-4BB3-AC30-64C72135BE0E}"
EndProject
Project("{8BC9CEB8-8B4A-11D0-8D11-00A0C91BC942}") = "enroll", "..\..\..\Arduino\enroll\enroll.vcxproj", "{A7ABFC93-3848-4197-BEE2-D4E01653244B}"
EndProject
Global
	GlobalSection(SolutionConfigurationPlatforms) = preSolution
		Debug|Any CPU = Debug|Any CPU
		Debug|x64 = Debug|x64
		Debug|x86 = Debug|x86
		Release|Any CPU = Release|Any CPU
		Release|x64 = Release|x64
		Release|x86 = Release|x86
	EndGlobalSection
	GlobalSection(ProjectConfigurationPlatforms) = postSolution
		{E2443741-2F84-4DE8-935B-21B6F313CD8D}.Debug|Any CPU.ActiveCfg = Debug|Any CPU
		{E2443741-2F84-4DE8-935B-21B6F313CD8D}.Debug|Any CPU.Build.0 = Debug|Any CPU
		{E2443741-2F84-4DE8-935B-21B6F313CD8D}.Debug|x64.ActiveCfg = Debug|Any CPU
		{E2443741-2F84-4DE8-935B-21B6F313CD8D}.Debug|x64.Build.0 = Debug|Any CPU
		{E2443741-2F84-4DE8-935B-21B6F313CD8D}.Debug|x86.ActiveCfg = Debug|Any CPU
		{E2443741-2F84-4DE8-935B-21B6F313CD8D}.Debug|x86.Build.0 = Debug|Any CPU
		{E2443741-2F84-4DE8-935B-21B6F313CD8D}.Release|Any CPU.ActiveCfg = Release|Any CPU
		{E2443741-2F84-4DE8-935B-21B6F313CD8D}.Release|Any CPU.Build.0 = Release|Any CPU
		{E2443741-2F84-4DE8-935B-21B6F313CD8D}.Release|x64.ActiveCfg = Release|Any CPU
		{E2443741-2F84-4DE8-935B-21B6F313CD8D}.Release|x64.Build.0 = Release|Any CPU
		{E2443741-2F84-4DE8-935B-21B6F313CD8D}.Release|x86.ActiveCfg = Release|Any CPU
		{E2443741-2F84-4DE8-935B-21B6F313CD8D}.Release|x86.Build.0 = Release|Any CPU
		{F7A88825-1A9D-407F-B793-AC3FE78A94F1}.Debug|Any CPU.ActiveCfg = Debug|Win32
		{F7A88825-1A9D-407F-B793-AC3FE78A94F1}.Debug|x64.ActiveCfg = Debug|x64
		{F7A88825-1A9D-407F-B793-AC3FE78A94F1}.Debug|x64.Build.0 = Debug|x64
		{F7A88825-1A9D-407F-B793-AC3FE78A94F1}.Debug|x86.ActiveCfg = Debug|Win32
		{F7A88825-1A9D-407F-B793-AC3FE78A94F1}.Debug|x86.Build.0 = Debug|Win32
		{F7A88825-1A9D-407F-B793-AC3FE78A94F1}.Release|Any CPU.ActiveCfg = Release|Win32
		{F7A88825-1A9D-407F-B793-AC3FE78A94F1}.Release|x64.ActiveCfg = Release|x64
		{F7A88825-1A9D-407F-B793-AC3FE78A94F1}.Release|x64.Build.0 = Release|x64
		{F7A88825-1A9D-407F-B793-AC3FE78A94F1}.Release|x86.ActiveCfg = Release|Win32
		{F7A88825-1A9D-407F-B793-AC3FE78A94F1}.Release|x86.Build.0 = Release|Win32
		{789B123D-76C3-4BB3-AC30-64C72135BE0E}.Debug|Any CPU.ActiveCfg = Debug|Win32
		{789B123D-76C3-4BB3-AC30-64C72135BE0E}.Debug|x64.ActiveCfg = Debug|x64
		{789B123D-76C3-4BB3-AC30-64C72135BE0E}.Debug|x64.Build.0 = Debug|x64
		{789B123D-76C3-4BB3-AC30-64C72135BE0E}.Debug|x86.ActiveCfg = Debug|Win32
		{789B123D-76C3-4BB3-AC30-64C72135BE0E}.Debug|x86.Build.0 = Debug|Win32
		{789B123D-76C3-4BB3-AC30-64C72135BE0E}.Release|Any CPU.ActiveCfg = Release|Win32
		{789B123D-76C3-4BB3-AC30-64C72135BE0E}.Release|x64.ActiveCfg = Release|x64
		{789B123D-76C3-4BB3-AC30-64C72135BE0E}.Release|x64.Build.0 = Release|x64
		{789B123D-76C3-4BB3-AC30-64C72135BE0E}.Release|x86.ActiveCfg = Release|Win32
		{789B123D-76C3-4BB3-AC30-64C72135BE0E}.Release|x86.Build.0 = Release|Win32
		{A7ABFC93-3848-4197-BEE2-D4E01653244B}.Debug|Any CPU.ActiveCfg = Debug|Win32
		{A7ABFC93-3848-4197-BEE2-D4E01653244B}.Debug|x64.ActiveCfg = Debug|x64
		{A7ABFC93-3848-4197-BEE2-D4E01653244B}.Debug|x64.Build.0 = Debug|x64
		{A7ABFC93-3848-4197-BEE2-D4E01653244B}.Debug|x86.ActiveCfg = Debug|Win32
		{A7ABFC93-3848-4197-BEE2-D4E01653244B}.Debug|x86.Build.0 = Debug|Win32
		{A7ABFC93-3848-4197-BEE2-D4E01653244B}.Release|Any CPU.ActiveCfg = Release|Win32
		{A7ABFC93-3848-4197-BEE2-D4E01653244B}.Release|x64.ActiveCfg = Release|x64
		{A7ABFC93-3848-4197-BEE2-D4E01653244B}.Release|x64.Build.0 = Release|x64
		{A7ABFC93-3848-4197-BEE2-D4E01653244B}.Release|x86.ActiveCfg = Release|Win32
		{A7ABFC93-3848-4197-BEE2-D4E01653244B}.Release|x86.Build.0 = Release|Win32
	EndGlobalSection
	GlobalSection(SolutionProperties) = preSolution
		HideSolutionNode = FALSE
	EndGlobalSection
EndGlobal
